
Microsoft Visual Studio Solution File, Format Version 12.00
# Visual Studio 14
VisualStudioVersion = 14.0.24720.0
MinimumVisualStudioVersion = 10.0.40219.1
Project("{FAE04EC0-301F-11D3-BF4B-00C04F79EFBC}") = "Bitlink.Web", "Bitlink.Web\Bitlink.Web.csproj", "{BCD70A8E-0FD5-4225-AE81-7460C77CA489}"
EndProject
Project("{FAE04EC0-301F-11D3-BF4B-00C04F79EFBC}") = "Bitlink.Tests", "Bitlink.Tests\Bitlink.Tests.csproj", "{BC17F6C1-3ACF-4CE8-83B7-DD2CBD806F9C}"
EndProject
Project("{FAE04EC0-301F-11D3-BF4B-00C04F79EFBC}") = "Bitlink.Entities", "Bitlink.Entities\Bitlink.Entities.csproj", "{3C6284A8-4484-46A4-873E-1414D73C39F2}"
EndProject
Project("{FAE04EC0-301F-11D3-BF4B-00C04F79EFBC}") = "Bitlink.Data", "Bitlink.Data\Bitlink.Data.csproj", "{D4C292FB-2B43-4E7B-9986-93B121B6768E}"
EndProject
Global
	GlobalSection(SolutionConfigurationPlatforms) = preSolution
		Debug|Any CPU = Debug|Any CPU
		Release|Any CPU = Release|Any CPU
	EndGlobalSection
	GlobalSection(ProjectConfigurationPlatforms) = postSolution
		{BCD70A8E-0FD5-4225-AE81-7460C77CA489}.Debug|Any CPU.ActiveCfg = Debug|Any CPU
		{BCD70A8E-0FD5-4225-AE81-7460C77CA489}.Debug|Any CPU.Build.0 = Debug|Any CPU
		{BCD70A8E-0FD5-4225-AE81-7460C77CA489}.Release|Any CPU.ActiveCfg = Release|Any CPU
		{BCD70A8E-0FD5-4225-AE81-7460C77CA489}.Release|Any CPU.Build.0 = Release|Any CPU
		{BC17F6C1-3ACF-4CE8-83B7-DD2CBD806F9C}.Debug|Any CPU.ActiveCfg = Debug|Any CPU
		{BC17F6C1-3ACF-4CE8-83B7-DD2CBD806F9C}.Debug|Any CPU.Build.0 = Debug|Any CPU
		{BC17F6C1-3ACF-4CE8-83B7-DD2CBD806F9C}.Release|Any CPU.ActiveCfg = Release|Any CPU
		{BC17F6C1-3ACF-4CE8-83B7-DD2CBD806F9C}.Release|Any CPU.Build.0 = Release|Any CPU
		{3C6284A8-4484-46A4-873E-1414D73C39F2}.Debug|Any CPU.ActiveCfg = Debug|Any CPU
		{3C6284A8-4484-46A4-873E-1414D73C39F2}.Debug|Any CPU.Build.0 = Debug|Any CPU
		{3C6284A8-4484-46A4-873E-1414D73C39F2}.Release|Any CPU.ActiveCfg = Release|Any CPU
		{3C6284A8-4484-46A4-873E-1414D73C39F2}.Release|Any CPU.Build.0 = Release|Any CPU
		{D4C292FB-2B43-4E7B-9986-93B121B6768E}.Debug|Any CPU.ActiveCfg = Debug|Any CPU
		{D4C292FB-2B43-4E7B-9986-93B121B6768E}.Debug|Any CPU.Build.0 = Debug|Any CPU
		{D4C292FB-2B43-4E7B-9986-93B121B6768E}.Release|Any CPU.ActiveCfg = Release|Any CPU
		{D4C292FB-2B43-4E7B-9986-93B121B6768E}.Release|Any CPU.Build.0 = Release|Any CPU
	EndGlobalSection
	GlobalSection(SolutionProperties) = preSolution
		HideSolutionNode = FALSE
	EndGlobalSection
EndGlobal
